
Microsoft Visual Studio Solution File, Format Version 12.00
# Visual Studio Version 17
VisualStudioVersion = 17.12.35527.113
MinimumVisualStudioVersion = 10.0.40219.1
Project("{FAE04EC0-301F-11D3-BF4B-00C04F79EFBC}") = "Diagnostics", "Diagnostics.csproj", "{5FC19C56-1566-457A-A8AF-A3A69561320C}"
EndProject
Project("{54435603-DBB4-11D2-8724-00A0C9A8B90C}") = "Installer", "Installer\Installer.vdproj", "{52B20422-474D-5734-629F-99A1F7DE9787}"
EndProject
Project("{FAE04EC0-301F-11D3-BF4B-00C04F79EFBC}") = "InstallerCustomActions", "..\InstallerCustomActions\InstallerCustomActions.csproj", "{144AB20E-D4E5-433A-B36B-79CAF2E29930}"
EndProject
Global
	GlobalSection(SolutionConfigurationPlatforms) = preSolution
		Debug|Any CPU = Debug|Any CPU
		Debug|x64 = Debug|x64
		Release|Any CPU = Release|Any CPU
		Release|x64 = Release|x64
	EndGlobalSection
	GlobalSection(ProjectConfigurationPlatforms) = postSolution
		{5FC19C56-1566-457A-A8AF-A3A69561320C}.Debug|Any CPU.ActiveCfg = Debug|Any CPU
		{5FC19C56-1566-457A-A8AF-A3A69561320C}.Debug|Any CPU.Build.0 = Debug|Any CPU
		{5FC19C56-1566-457A-A8AF-A3A69561320C}.Debug|x64.ActiveCfg = Debug|x64
		{5FC19C56-1566-457A-A8AF-A3A69561320C}.Debug|x64.Build.0 = Debug|x64
		{5FC19C56-1566-457A-A8AF-A3A69561320C}.Release|Any CPU.ActiveCfg = Release|Any CPU
		{5FC19C56-1566-457A-A8AF-A3A69561320C}.Release|Any CPU.Build.0 = Release|Any CPU
		{5FC19C56-1566-457A-A8AF-A3A69561320C}.Release|x64.ActiveCfg = Release|x64
		{5FC19C56-1566-457A-A8AF-A3A69561320C}.Release|x64.Build.0 = Release|x64
		{52B20422-474D-5734-629F-99A1F7DE9787}.Debug|Any CPU.ActiveCfg = Debug
		{52B20422-474D-5734-629F-99A1F7DE9787}.Debug|Any CPU.Build.0 = Debug
		{52B20422-474D-5734-629F-99A1F7DE9787}.Debug|x64.ActiveCfg = Debug
		{52B20422-474D-5734-629F-99A1F7DE9787}.Debug|x64.Build.0 = Debug
		{52B20422-474D-5734-629F-99A1F7DE9787}.Release|Any CPU.ActiveCfg = Release
		{52B20422-474D-5734-629F-99A1F7DE9787}.Release|Any CPU.Build.0 = Release
		{52B20422-474D-5734-629F-99A1F7DE9787}.Release|x64.ActiveCfg = Release
		{52B20422-474D-5734-629F-99A1F7DE9787}.Release|x64.Build.0 = Release
		{144AB20E-D4E5-433A-B36B-79CAF2E29930}.Debug|Any CPU.ActiveCfg = Debug|x64
		{144AB20E-D4E5-433A-B36B-79CAF2E29930}.Debug|Any CPU.Build.0 = Debug|x64
		{144AB20E-D4E5-433A-B36B-79CAF2E29930}.Debug|x64.ActiveCfg = Debug|x64
		{144AB20E-D4E5-433A-B36B-79CAF2E29930}.Debug|x64.Build.0 = Debug|x64
		{144AB20E-D4E5-433A-B36B-79CAF2E29930}.Release|Any CPU.ActiveCfg = Release|x64
		{144AB20E-D4E5-433A-B36B-79CAF2E29930}.Release|Any CPU.Build.0 = Release|x64
		{144AB20E-D4E5-433A-B36B-79CAF2E29930}.Release|x64.ActiveCfg = Release|x64
		{144AB20E-D4E5-433A-B36B-79CAF2E29930}.Release|x64.Build.0 = Release|x64
	EndGlobalSection
	GlobalSection(SolutionProperties) = preSolution
		HideSolutionNode = FALSE
	EndGlobalSection
	GlobalSection(ExtensibilityGlobals) = postSolution
		SolutionGuid = {50651748-8BE6-4362-8A2C-87ED316E0DD3}
	EndGlobalSection
EndGlobal
