
Microsoft Visual Studio Solution File, Format Version 12.00
# Visual Studio Version 17
VisualStudioVersion = 17.12.35527.113
MinimumVisualStudioVersion = 10.0.40219.1
Project("{FAE04EC0-301F-11D3-BF4B-00C04F79EFBC}") = "Diagnostics", "Diagnostics.csproj", "{5FC19C56-1566-457A-A8AF-A3A69561320C}"
EndProject
Project("{FAE04EC0-301F-11D3-BF4B-00C04F79EFBC}") = "TestLib", "..\..\TestLib\TestLib.csproj", "{24D5E99E-185C-4507-81F0-132D8CB8164E}"
EndProject
Project("{FAE04EC0-301F-11D3-BF4B-00C04F79EFBC}") = "TestExec", "..\..\TestExec\TestExec.csproj", "{314614CB-6E17-4B74-A9F9-CE4699F78C9B}"
EndProject
Project("{FAE04EC0-301F-11D3-BF4B-00C04F79EFBC}") = "TestSwitcher", "..\..\TestChanger\TestSwitcher.csproj", "{5F67F305-A6D3-4E89-A423-ADD7724800B2}"
EndProject
Global
	GlobalSection(SolutionConfigurationPlatforms) = preSolution
		Debug|Any CPU = Debug|Any CPU
		Debug|x64 = Debug|x64
		Release|Any CPU = Release|Any CPU
		Release|x64 = Release|x64
	EndGlobalSection
	GlobalSection(ProjectConfigurationPlatforms) = postSolution
		{5FC19C56-1566-457A-A8AF-A3A69561320C}.Debug|Any CPU.ActiveCfg = Debug|Any CPU
		{5FC19C56-1566-457A-A8AF-A3A69561320C}.Debug|Any CPU.Build.0 = Debug|Any CPU
		{5FC19C56-1566-457A-A8AF-A3A69561320C}.Debug|x64.ActiveCfg = Debug|x64
		{5FC19C56-1566-457A-A8AF-A3A69561320C}.Debug|x64.Build.0 = Debug|x64
		{5FC19C56-1566-457A-A8AF-A3A69561320C}.Release|Any CPU.ActiveCfg = Release|Any CPU
		{5FC19C56-1566-457A-A8AF-A3A69561320C}.Release|Any CPU.Build.0 = Release|Any CPU
		{5FC19C56-1566-457A-A8AF-A3A69561320C}.Release|x64.ActiveCfg = Release|x64
		{5FC19C56-1566-457A-A8AF-A3A69561320C}.Release|x64.Build.0 = Release|x64
		{24D5E99E-185C-4507-81F0-132D8CB8164E}.Debug|Any CPU.ActiveCfg = Debug|Any CPU
		{24D5E99E-185C-4507-81F0-132D8CB8164E}.Debug|Any CPU.Build.0 = Debug|Any CPU
		{24D5E99E-185C-4507-81F0-132D8CB8164E}.Debug|x64.ActiveCfg = Debug|x64
		{24D5E99E-185C-4507-81F0-132D8CB8164E}.Debug|x64.Build.0 = Debug|x64
		{24D5E99E-185C-4507-81F0-132D8CB8164E}.Release|Any CPU.ActiveCfg = Release|Any CPU
		{24D5E99E-185C-4507-81F0-132D8CB8164E}.Release|Any CPU.Build.0 = Release|Any CPU
		{24D5E99E-185C-4507-81F0-132D8CB8164E}.Release|x64.ActiveCfg = Release|x64
		{24D5E99E-185C-4507-81F0-132D8CB8164E}.Release|x64.Build.0 = Release|x64
		{314614CB-6E17-4B74-A9F9-CE4699F78C9B}.Debug|Any CPU.ActiveCfg = Debug|Any CPU
		{314614CB-6E17-4B74-A9F9-CE4699F78C9B}.Debug|Any CPU.Build.0 = Debug|Any CPU
		{314614CB-6E17-4B74-A9F9-CE4699F78C9B}.Debug|x64.ActiveCfg = Debug|x64
		{314614CB-6E17-4B74-A9F9-CE4699F78C9B}.Debug|x64.Build.0 = Debug|x64
		{314614CB-6E17-4B74-A9F9-CE4699F78C9B}.Release|Any CPU.ActiveCfg = Release|Any CPU
		{314614CB-6E17-4B74-A9F9-CE4699F78C9B}.Release|Any CPU.Build.0 = Release|Any CPU
		{314614CB-6E17-4B74-A9F9-CE4699F78C9B}.Release|x64.ActiveCfg = Release|x64
		{314614CB-6E17-4B74-A9F9-CE4699F78C9B}.Release|x64.Build.0 = Release|x64
		{5F67F305-A6D3-4E89-A423-ADD7724800B2}.Debug|Any CPU.ActiveCfg = Debug|Any CPU
		{5F67F305-A6D3-4E89-A423-ADD7724800B2}.Debug|Any CPU.Build.0 = Debug|Any CPU
		{5F67F305-A6D3-4E89-A423-ADD7724800B2}.Debug|x64.ActiveCfg = Debug|Any CPU
		{5F67F305-A6D3-4E89-A423-ADD7724800B2}.Debug|x64.Build.0 = Debug|Any CPU
		{5F67F305-A6D3-4E89-A423-ADD7724800B2}.Release|Any CPU.ActiveCfg = Release|Any CPU
		{5F67F305-A6D3-4E89-A423-ADD7724800B2}.Release|Any CPU.Build.0 = Release|Any CPU
		{5F67F305-A6D3-4E89-A423-ADD7724800B2}.Release|x64.ActiveCfg = Release|Any CPU
		{5F67F305-A6D3-4E89-A423-ADD7724800B2}.Release|x64.Build.0 = Release|Any CPU
	EndGlobalSection
	GlobalSection(SolutionProperties) = preSolution
		HideSolutionNode = FALSE
	EndGlobalSection
EndGlobal
